
Microsoft Visual Studio Solution File, Format Version 12.00
# Visual Studio 2012
Project("{8BC9CEB8-8B4A-11D0-8D11-00A0C91BC942}") = "EzMIPS", "EzMIPS\EzMIPS.vcxproj", "{98BB9001-E271-43AB-83DA-B26A546650E7}"
EndProject
Project("{8BC9CEB8-8B4A-11D0-8D11-00A0C91BC942}") = "EzMIPS.UI", "EzMIPS.UI\EzMIPS.UI.vcxproj", "{9ACF32F8-8CBE-459D-96D4-D66206655BC6}"
EndProject
Global
	GlobalSection(SolutionConfigurationPlatforms) = preSolution
		Debug|Win32 = Debug|Win32
		Release|Win32 = Release|Win32
	EndGlobalSection
	GlobalSection(ProjectConfigurationPlatforms) = postSolution
		{98BB9001-E271-43AB-83DA-B26A546650E7}.Debug|Win32.ActiveCfg = Debug|Win32
		{98BB9001-E271-43AB-83DA-B26A546650E7}.Debug|Win32.Build.0 = Debug|Win32
		{98BB9001-E271-43AB-83DA-B26A546650E7}.Release|Win32.ActiveCfg = Release|Win32
		{98BB9001-E271-43AB-83DA-B26A546650E7}.Release|Win32.Build.0 = Release|Win32
		{9ACF32F8-8CBE-459D-96D4-D66206655BC6}.Debug|Win32.ActiveCfg = Debug|Win32
		{9ACF32F8-8CBE-459D-96D4-D66206655BC6}.Debug|Win32.Build.0 = Debug|Win32
		{9ACF32F8-8CBE-459D-96D4-D66206655BC6}.Release|Win32.ActiveCfg = Release|Win32
		{9ACF32F8-8CBE-459D-96D4-D66206655BC6}.Release|Win32.Build.0 = Release|Win32
	EndGlobalSection
	GlobalSection(SolutionProperties) = preSolution
		HideSolutionNode = FALSE
	EndGlobalSection
EndGlobal
